{
    "name": "sqlite-layer",
    "version": "1.0.0",
    "lockfileVersion": 2,
    "requires": true,
    "packages": {
        "": {
            "name": "sqlite-layer",
            "version": "1.0.0",
            "dependencies": {
                "sqlite3": "npm:@vscode/sqlite3@^5.0.7"
            }
        },
        "node_modules/node-addon-api": {
            "version": "4.2.0",
            "resolved": "https://registry.npmjs.org/node-addon-api/-/node-addon-api-4.2.0.tgz",
            "integrity": "sha512-eazsqzwG2lskuzBqCGPi7Ac2UgOoMz8JVOXVhTvvPDYhthvNpefx8jWD8Np7Gv+2Sz0FlPWZk0nJV0z598Wn8Q=="
        },
        "node_modules/sqlite3": {
            "name": "@vscode/sqlite3",
            "version": "5.0.7",
            "resolved": "https://registry.npmjs.org/@vscode/sqlite3/-/sqlite3-5.0.7.tgz",
            "integrity": "sha512-NlsOf+Hir2r4zopI1qMvzWXPwPJuFscirkmFTniTAT24Yz2FWcyZxzK7UT8iSNiTqOCPz48yF55ZVHaz7tTuVQ==",
            "hasInstallScript": true,
            "dependencies": {
                "node-addon-api": "^4.2.0"
            }
        }
    },
    "dependencies": {
        "node-addon-api": {
            "version": "4.2.0",
            "resolved": "https://registry.npmjs.org/node-addon-api/-/node-addon-api-4.2.0.tgz",
            "integrity": "sha512-eazsqzwG2lskuzBqCGPi7Ac2UgOoMz8JVOXVhTvvPDYhthvNpefx8jWD8Np7Gv+2Sz0FlPWZk0nJV0z598Wn8Q=="
        },
        "sqlite3": {
            "version": "npm:@vscode/sqlite3@5.0.7",
            "resolved": "https://registry.npmjs.org/@vscode/sqlite3/-/sqlite3-5.0.7.tgz",
            "integrity": "sha512-NlsOf+Hir2r4zopI1qMvzWXPwPJuFscirkmFTniTAT24Yz2FWcyZxzK7UT8iSNiTqOCPz48yF55ZVHaz7tTuVQ==",
            "requires": {
                "node-addon-api": "^4.2.0"
            }
        }
    }
}
